{
  "name": "pickleflow-pro",
  "version": "1.0.0",
  "lockfileVersion": 3,
  "requires": true,
  "packages": {
    "": {
      "name": "pickleflow-pro",
      "version": "1.0.0",
      "dependencies": {
        "lucide-react": "^0.460.0",
        "react": "^19.0.0",
        "react-dom": "^19.0.0"
      },
      "devDependencies": {
        "@vitejs/plugin-react": "^4.3.4",
        "typescript": "^5.7.0",
        "vite": "^6.0.0"
      }
    },
    "node_modules/lucide-react": {
      "version": "0.460.0",
      "resolved": "https://registry.npmjs.org/lucide-react/-/lucide-react-0.460.0.tgz",
      "integrity": "sha512-..."
    },
    "node_modules/react": {
      "version": "19.0.0",
      "resolved": "https://registry.npmjs.org/react/-/react-19.0.0.tgz",
      "integrity": "sha512-..."
    },
    "node_modules/react-dom": {
      "version": "19.0.0",
      "resolved": "https://registry.npmjs.org/react-dom/-/react-dom-19.0.0.tgz",
      "integrity": "sha512-..."
    }
  }
}
